// !$*UTF8*$!
{
	archiveVersion = 1;
	classes = {
	};
	objectVersion = 56;
	objects = {

/* Begin PBXBuildFile section */
		36B9634229DB270D0017C669 /* TraderJoApp.swift in Sources */ = {isa = PBXBuildFile; fileRef = 36B9634129DB270D0017C669 /* TraderJoApp.swift */; };
		36B9634429DB270D0017C669 /* ContentView.swift in Sources */ = {isa = PBXBuildFile; fileRef = 36B9634329DB270D0017C669 /* ContentView.swift */; };
		36B9634629DB270E0017C669 /* Assets.xcassets in Resources */ = {isa = PBXBuildFile; fileRef = 36B9634529DB270E0017C669 /* Assets.xcassets */; };
		36B9634929DB270E0017C669 /* Preview Assets.xcassets in Resources */ = {isa = PBXBuildFile; fileRef = 36B9634829DB270E0017C669 /* Preview Assets.xcassets */; };
		36B9635129DB28E00017C669 /* Starscream in Frameworks */ = {isa = PBXBuildFile; productRef = 36B9635029DB28E00017C669 /* Starscream */; };
		36B9635329DB29160017C669 /* QuoteInfo.swift in Sources */ = {isa = PBXBuildFile; fileRef = 36B9635229DB29160017C669 /* QuoteInfo.swift */; };
		36B9635529DB294B0017C669 /* SocketService.swift in Sources */ = {isa = PBXBuildFile; fileRef = 36B9635429DB294B0017C669 /* SocketService.swift */; };
		36DCE7AA29E166E2001F6CCA /* QuotesViewModel.swift in Sources */ = {isa = PBXBuildFile; fileRef = 36DCE7A929E166E2001F6CCA /* QuotesViewModel.swift */; };
		36DCE7AD29E452AE001F6CCA /* Extension+Font.swift in Sources */ = {isa = PBXBuildFile; fileRef = 36DCE7AC29E452AE001F6CCA /* Extension+Font.swift */; };
		36DCE7B129E56CC7001F6CCA /* Extension+Decimal.swift in Sources */ = {isa = PBXBuildFile; fileRef = 36DCE7B029E56CC7001F6CCA /* Extension+Decimal.swift */; };
		36DCE7B429E56E0D001F6CCA /* ScrollContentBackgroundModifier.swift in Sources */ = {isa = PBXBuildFile; fileRef = 36DCE7B329E56E0D001F6CCA /* ScrollContentBackgroundModifier.swift */; };
		36DCE7B629E5755C001F6CCA /* TextWithBackground.swift in Sources */ = {isa = PBXBuildFile; fileRef = 36DCE7B529E5755C001F6CCA /* TextWithBackground.swift */; };
		36DCE7B929E575AD001F6CCA /* QuoteUIModel.swift in Sources */ = {isa = PBXBuildFile; fileRef = 36DCE7B829E575AD001F6CCA /* QuoteUIModel.swift */; };
		36DCE7BC29E57644001F6CCA /* QuotesService.swift in Sources */ = {isa = PBXBuildFile; fileRef = 36DCE7BB29E57644001F6CCA /* QuotesService.swift */; };
		36DCE7BE29E576B1001F6CCA /* TextWithPadding.swift in Sources */ = {isa = PBXBuildFile; fileRef = 36DCE7BD29E576B1001F6CCA /* TextWithPadding.swift */; };
/* End PBXBuildFile section */

/* Begin PBXFileReference section */
		36B9633E29DB270D0017C669 /* TraderJo.app */ = {isa = PBXFileReference; explicitFileType = wrapper.application; includeInIndex = 0; path = TraderJo.app; sourceTree = BUILT_PRODUCTS_DIR; };
		36B9634129DB270D0017C669 /* TraderJoApp.swift */ = {isa = PBXFileReference; lastKnownFileType = sourcecode.swift; path = TraderJoApp.swift; sourceTree = "<group>"; };
		36B9634329DB270D0017C669 /* ContentView.swift */ = {isa = PBXFileReference; lastKnownFileType = sourcecode.swift; path = ContentView.swift; sourceTree = "<group>"; };
		36B9634529DB270E0017C669 /* Assets.xcassets */ = {isa = PBXFileReference; lastKnownFileType = folder.assetcatalog; path = Assets.xcassets; sourceTree = "<group>"; };
		36B9634829DB270E0017C669 /* Preview Assets.xcassets */ = {isa = PBXFileReference; lastKnownFileType = folder.assetcatalog; path = "Preview Assets.xcassets"; sourceTree = "<group>"; };
		36B9635229DB29160017C669 /* QuoteInfo.swift */ = {isa = PBXFileReference; lastKnownFileType = sourcecode.swift; path = QuoteInfo.swift; sourceTree = "<group>"; };
		36B9635429DB294B0017C669 /* SocketService.swift */ = {isa = PBXFileReference; lastKnownFileType = sourcecode.swift; path = SocketService.swift; sourceTree = "<group>"; };
		36DCE7A929E166E2001F6CCA /* QuotesViewModel.swift */ = {isa = PBXFileReference; lastKnownFileType = sourcecode.swift; path = QuotesViewModel.swift; sourceTree = "<group>"; };
		36DCE7AC29E452AE001F6CCA /* Extension+Font.swift */ = {isa = PBXFileReference; lastKnownFileType = sourcecode.swift; path = "Extension+Font.swift"; sourceTree = "<group>"; };
		36DCE7B029E56CC7001F6CCA /* Extension+Decimal.swift */ = {isa = PBXFileReference; lastKnownFileType = sourcecode.swift; path = "Extension+Decimal.swift"; sourceTree = "<group>"; };
		36DCE7B329E56E0D001F6CCA /* ScrollContentBackgroundModifier.swift */ = {isa = PBXFileReference; lastKnownFileType = sourcecode.swift; path = ScrollContentBackgroundModifier.swift; sourceTree = "<group>"; };
		36DCE7B529E5755C001F6CCA /* TextWithBackground.swift */ = {isa = PBXFileReference; lastKnownFileType = sourcecode.swift; path = TextWithBackground.swift; sourceTree = "<group>"; };
		36DCE7B829E575AD001F6CCA /* QuoteUIModel.swift */ = {isa = PBXFileReference; lastKnownFileType = sourcecode.swift; path = QuoteUIModel.swift; sourceTree = "<group>"; };
		36DCE7BB29E57644001F6CCA /* QuotesService.swift */ = {isa = PBXFileReference; lastKnownFileType = sourcecode.swift; path = QuotesService.swift; sourceTree = "<group>"; };
		36DCE7BD29E576B1001F6CCA /* TextWithPadding.swift */ = {isa = PBXFileReference; lastKnownFileType = sourcecode.swift; path = TextWithPadding.swift; sourceTree = "<group>"; };
/* End PBXFileReference section */

/* Begin PBXFrameworksBuildPhase section */
		36B9633B29DB270D0017C669 /* Frameworks */ = {
			isa = PBXFrameworksBuildPhase;
			buildActionMask = 2147483647;
			files = (
				36B9635129DB28E00017C669 /* Starscream in Frameworks */,
			);
			runOnlyForDeploymentPostprocessing = 0;
		};
/* End PBXFrameworksBuildPhase section */

/* Begin PBXGroup section */
		36B9633529DB270D0017C669 = {
			isa = PBXGroup;
			children = (
				36B9634029DB270D0017C669 /* TraderJo */,
				36B9633F29DB270D0017C669 /* Products */,
			);
			sourceTree = "<group>";
		};
		36B9633F29DB270D0017C669 /* Products */ = {
			isa = PBXGroup;
			children = (
				36B9633E29DB270D0017C669 /* TraderJo.app */,
			);
			name = Products;
			sourceTree = "<group>";
		};
		36B9634029DB270D0017C669 /* TraderJo */ = {
			isa = PBXGroup;
			children = (
				36DCE7BA29E5761F001F6CCA /* Services */,
				36DCE7B729E575A1001F6CCA /* Models */,
				36DCE7B229E56E00001F6CCA /* Components */,
				36DCE7AB29E45296001F6CCA /* Extensions */,
				36B9634129DB270D0017C669 /* TraderJoApp.swift */,
				36B9634329DB270D0017C669 /* ContentView.swift */,
				36DCE7A929E166E2001F6CCA /* QuotesViewModel.swift */,
				36B9634529DB270E0017C669 /* Assets.xcassets */,
				36B9634729DB270E0017C669 /* Preview Content */,
			);
			path = TraderJo;
			sourceTree = "<group>";
		};
		36B9634729DB270E0017C669 /* Preview Content */ = {
			isa = PBXGroup;
			children = (
				36B9634829DB270E0017C669 /* Preview Assets.xcassets */,
			);
			path = "Preview Content";
			sourceTree = "<group>";
		};
		36DCE7AB29E45296001F6CCA /* Extensions */ = {
			isa = PBXGroup;
			children = (
				36DCE7AC29E452AE001F6CCA /* Extension+Font.swift */,
				36DCE7B029E56CC7001F6CCA /* Extension+Decimal.swift */,
			);
			path = Extensions;
			sourceTree = "<group>";
		};
		36DCE7B229E56E00001F6CCA /* Components */ = {
			isa = PBXGroup;
			children = (
				36DCE7B329E56E0D001F6CCA /* ScrollContentBackgroundModifier.swift */,
				36DCE7B529E5755C001F6CCA /* TextWithBackground.swift */,
				36DCE7BD29E576B1001F6CCA /* TextWithPadding.swift */,
			);
			path = Components;
			sourceTree = "<group>";
		};
		36DCE7B729E575A1001F6CCA /* Models */ = {
			isa = PBXGroup;
			children = (
				36B9635229DB29160017C669 /* QuoteInfo.swift */,
				36DCE7B829E575AD001F6CCA /* QuoteUIModel.swift */,
			);
			path = Models;
			sourceTree = "<group>";
		};
		36DCE7BA29E5761F001F6CCA /* Services */ = {
			isa = PBXGroup;
			children = (
				36B9635429DB294B0017C669 /* SocketService.swift */,
				36DCE7BB29E57644001F6CCA /* QuotesService.swift */,
			);
			path = Services;
			sourceTree = "<group>";
		};
/* End PBXGroup section */

/* Begin PBXNativeTarget section */
		36B9633D29DB270D0017C669 /* TraderJo */ = {
			isa = PBXNativeTarget;
			buildConfigurationList = 36B9634C29DB270E0017C669 /* Build configuration list for PBXNativeTarget "TraderJo" */;
			buildPhases = (
				36B9633A29DB270D0017C669 /* Sources */,
				36B9633B29DB270D0017C669 /* Frameworks */,
				36B9633C29DB270D0017C669 /* Resources */,
			);
			buildRules = (
			);
			dependencies = (
			);
			name = TraderJo;
			packageProductDependencies = (
				36B9635029DB28E00017C669 /* Starscream */,
			);
			productName = TraderJo;
			productReference = 36B9633E29DB270D0017C669 /* TraderJo.app */;
			productType = "com.apple.product-type.application";
		};
/* End PBXNativeTarget section */

/* Begin PBXProject section */
		36B9633629DB270D0017C669 /* Project object */ = {
			isa = PBXProject;
			attributes = {
				BuildIndependentTargetsInParallel = 1;
				LastSwiftUpdateCheck = 1420;
				LastUpgradeCheck = 1420;
				TargetAttributes = {
					36B9633D29DB270D0017C669 = {
						CreatedOnToolsVersion = 14.2;
					};
				};
			};
			buildConfigurationList = 36B9633929DB270D0017C669 /* Build configuration list for PBXProject "TraderJo" */;
			compatibilityVersion = "Xcode 14.0";
			developmentRegion = en;
			hasScannedForEncodings = 0;
			knownRegions = (
				en,
				Base,
			);
			mainGroup = 36B9633529DB270D0017C669;
			packageReferences = (
				36B9634F29DB28E00017C669 /* XCRemoteSwiftPackageReference "Starscream" */,
			);
			productRefGroup = 36B9633F29DB270D0017C669 /* Products */;
			projectDirPath = "";
			projectRoot = "";
			targets = (
				36B9633D29DB270D0017C669 /* TraderJo */,
			);
		};
/* End PBXProject section */

/* Begin PBXResourcesBuildPhase section */
		36B9633C29DB270D0017C669 /* Resources */ = {
			isa = PBXResourcesBuildPhase;
			buildActionMask = 2147483647;
			files = (
				36B9634929DB270E0017C669 /* Preview Assets.xcassets in Resources */,
				36B9634629DB270E0017C669 /* Assets.xcassets in Resources */,
			);
			runOnlyForDeploymentPostprocessing = 0;
		};
/* End PBXResourcesBuildPhase section */

/* Begin PBXSourcesBuildPhase section */
		36B9633A29DB270D0017C669 /* Sources */ = {
			isa = PBXSourcesBuildPhase;
			buildActionMask = 2147483647;
			files = (
				36DCE7B929E575AD001F6CCA /* QuoteUIModel.swift in Sources */,
				36DCE7B629E5755C001F6CCA /* TextWithBackground.swift in Sources */,
				36DCE7AD29E452AE001F6CCA /* Extension+Font.swift in Sources */,
				36DCE7B129E56CC7001F6CCA /* Extension+Decimal.swift in Sources */,
				36DCE7BC29E57644001F6CCA /* QuotesService.swift in Sources */,
				36B9635529DB294B0017C669 /* SocketService.swift in Sources */,
				36B9634429DB270D0017C669 /* ContentView.swift in Sources */,
				36B9635329DB29160017C669 /* QuoteInfo.swift in Sources */,
				36DCE7B429E56E0D001F6CCA /* ScrollContentBackgroundModifier.swift in Sources */,
				36DCE7BE29E576B1001F6CCA /* TextWithPadding.swift in Sources */,
				36DCE7AA29E166E2001F6CCA /* QuotesViewModel.swift in Sources */,
				36B9634229DB270D0017C669 /* TraderJoApp.swift in Sources */,
			);
			runOnlyForDeploymentPostprocessing = 0;
		};
/* End PBXSourcesBuildPhase section */

/* Begin XCBuildConfiguration section */
		36B9634A29DB270E0017C669 /* Debug */ = {
			isa = XCBuildConfiguration;
			buildSettings = {
				ALWAYS_SEARCH_USER_PATHS = NO;
				CLANG_ANALYZER_NONNULL = YES;
				CLANG_ANALYZER_NUMBER_OBJECT_CONVERSION = YES_AGGRESSIVE;
				CLANG_CXX_LANGUAGE_STANDARD = "gnu++20";
				CLANG_ENABLE_MODULES = YES;
				CLANG_ENABLE_OBJC_ARC = YES;
				CLANG_ENABLE_OBJC_WEAK = YES;
				CLANG_WARN_BLOCK_CAPTURE_AUTORELEASING = YES;
				CLANG_WARN_BOOL_CONVERSION = YES;
				CLANG_WARN_COMMA = YES;
				CLANG_WARN_CONSTANT_CONVERSION = YES;
				CLANG_WARN_DEPRECATED_OBJC_IMPLEMENTATIONS = YES;
				CLANG_WARN_DIRECT_OBJC_ISA_USAGE = YES_ERROR;
				CLANG_WARN_DOCUMENTATION_COMMENTS = YES;
				CLANG_WARN_EMPTY_BODY = YES;
				CLANG_WARN_ENUM_CONVERSION = YES;
				CLANG_WARN_INFINITE_RECURSION = YES;
				CLANG_WARN_INT_CONVERSION = YES;
				CLANG_WARN_NON_LITERAL_NULL_CONVERSION = YES;
				CLANG_WARN_OBJC_IMPLICIT_RETAIN_SELF = YES;
				CLANG_WARN_OBJC_LITERAL_CONVERSION = YES;
				CLANG_WARN_OBJC_ROOT_CLASS = YES_ERROR;
				CLANG_WARN_QUOTED_INCLUDE_IN_FRAMEWORK_HEADER = YES;
				CLANG_WARN_RANGE_LOOP_ANALYSIS = YES;
				CLANG_WARN_STRICT_PROTOTYPES = YES;
				CLANG_WARN_SUSPICIOUS_MOVE = YES;
				CLANG_WARN_UNGUARDED_AVAILABILITY = YES_AGGRESSIVE;
				CLANG_WARN_UNREACHABLE_CODE = YES;
				CLANG_WARN__DUPLICATE_METHOD_MATCH = YES;
				COPY_PHASE_STRIP = NO;
				DEBUG_INFORMATION_FORMAT = dwarf;
				ENABLE_STRICT_OBJC_MSGSEND = YES;
				ENABLE_TESTABILITY = YES;
				GCC_C_LANGUAGE_STANDARD = gnu11;
				GCC_DYNAMIC_NO_PIC = NO;
				GCC_NO_COMMON_BLOCKS = YES;
				GCC_OPTIMIZATION_LEVEL = 0;
				GCC_PREPROCESSOR_DEFINITIONS = (
					"DEBUG=1",
					"$(inherited)",
				);
				GCC_WARN_64_TO_32_BIT_CONVERSION = YES;
				GCC_WARN_ABOUT_RETURN_TYPE = YES_ERROR;
				GCC_WARN_UNDECLARED_SELECTOR = YES;
				GCC_WARN_UNINITIALIZED_AUTOS = YES_AGGRESSIVE;
				GCC_WARN_UNUSED_FUNCTION = YES;
				GCC_WARN_UNUSED_VARIABLE = YES;
				IPHONEOS_DEPLOYMENT_TARGET = 16.2;
				MTL_ENABLE_DEBUG_INFO = INCLUDE_SOURCE;
				MTL_FAST_MATH = YES;
				ONLY_ACTIVE_ARCH = YES;
				SDKROOT = iphoneos;
				SWIFT_ACTIVE_COMPILATION_CONDITIONS = DEBUG;
				SWIFT_OPTIMIZATION_LEVEL = "-Onone";
			};
			name = Debug;
		};
		36B9634B29DB270E0017C669 /* Release */ = {
			isa = XCBuildConfiguration;
			buildSettings = {
				ALWAYS_SEARCH_USER_PATHS = NO;
				CLANG_ANALYZER_NONNULL = YES;
				CLANG_ANALYZER_NUMBER_OBJECT_CONVERSION = YES_AGGRESSIVE;
				CLANG_CXX_LANGUAGE_STANDARD = "gnu++20";
				CLANG_ENABLE_MODULES = YES;
				CLANG_ENABLE_OBJC_ARC = YES;
				CLANG_ENABLE_OBJC_WEAK = YES;
				CLANG_WARN_BLOCK_CAPTURE_AUTORELEASING = YES;
				CLANG_WARN_BOOL_CONVERSION = YES;
				CLANG_WARN_COMMA = YES;
				CLANG_WARN_CONSTANT_CONVERSION = YES;
				CLANG_WARN_DEPRECATED_OBJC_IMPLEMENTATIONS = YES;
				CLANG_WARN_DIRECT_OBJC_ISA_USAGE = YES_ERROR;
				CLANG_WARN_DOCUMENTATION_COMMENTS = YES;
				CLANG_WARN_EMPTY_BODY = YES;
				CLANG_WARN_ENUM_CONVERSION = YES;
				CLANG_WARN_INFINITE_RECURSION = YES;
				CLANG_WARN_INT_CONVERSION = YES;
				CLANG_WARN_NON_LITERAL_NULL_CONVERSION = YES;
				CLANG_WARN_OBJC_IMPLICIT_RETAIN_SELF = YES;
				CLANG_WARN_OBJC_LITERAL_CONVERSION = YES;
				CLANG_WARN_OBJC_ROOT_CLASS = YES_ERROR;
				CLANG_WARN_QUOTED_INCLUDE_IN_FRAMEWORK_HEADER = YES;
				CLANG_WARN_RANGE_LOOP_ANALYSIS = YES;
				CLANG_WARN_STRICT_PROTOTYPES = YES;
				CLANG_WARN_SUSPICIOUS_MOVE = YES;
				CLANG_WARN_UNGUARDED_AVAILABILITY = YES_AGGRESSIVE;
				CLANG_WARN_UNREACHABLE_CODE = YES;
				CLANG_WARN__DUPLICATE_METHOD_MATCH = YES;
				COPY_PHASE_STRIP = NO;
				DEBUG_INFORMATION_FORMAT = "dwarf-with-dsym";
				ENABLE_NS_ASSERTIONS = NO;
				ENABLE_STRICT_OBJC_MSGSEND = YES;
				GCC_C_LANGUAGE_STANDARD = gnu11;
				GCC_NO_COMMON_BLOCKS = YES;
				GCC_WARN_64_TO_32_BIT_CONVERSION = YES;
				GCC_WARN_ABOUT_RETURN_TYPE = YES_ERROR;
				GCC_WARN_UNDECLARED_SELECTOR = YES;
				GCC_WARN_UNINITIALIZED_AUTOS = YES_AGGRESSIVE;
				GCC_WARN_UNUSED_FUNCTION = YES;
				GCC_WARN_UNUSED_VARIABLE = YES;
				IPHONEOS_DEPLOYMENT_TARGET = 16.2;
				MTL_ENABLE_DEBUG_INFO = NO;
				MTL_FAST_MATH = YES;
				SDKROOT = iphoneos;
				SWIFT_COMPILATION_MODE = wholemodule;
				SWIFT_OPTIMIZATION_LEVEL = "-O";
				VALIDATE_PRODUCT = YES;
			};
			name = Release;
		};
		36B9634D29DB270E0017C669 /* Debug */ = {
			isa = XCBuildConfiguration;
			buildSettings = {
				ASSETCATALOG_COMPILER_APPICON_NAME = AppIcon;
				ASSETCATALOG_COMPILER_GLOBAL_ACCENT_COLOR_NAME = AccentColor;
				CODE_SIGN_STYLE = Automatic;
				CURRENT_PROJECT_VERSION = 1;
				DEVELOPMENT_ASSET_PATHS = "\"TraderJo/Preview Content\"";
				ENABLE_PREVIEWS = YES;
				GENERATE_INFOPLIST_FILE = YES;
				INFOPLIST_KEY_UIApplicationSceneManifest_Generation = YES;
				INFOPLIST_KEY_UIApplicationSupportsIndirectInputEvents = YES;
				INFOPLIST_KEY_UILaunchScreen_Generation = YES;
				INFOPLIST_KEY_UISupportedInterfaceOrientations_iPad = "UIInterfaceOrientationPortrait UIInterfaceOrientationPortraitUpsideDown UIInterfaceOrientationLandscapeLeft UIInterfaceOrientationLandscapeRight";
				INFOPLIST_KEY_UISupportedInterfaceOrientations_iPhone = "UIInterfaceOrientationPortrait UIInterfaceOrientationLandscapeLeft UIInterfaceOrientationLandscapeRight";
				LD_RUNPATH_SEARCH_PATHS = (
					"$(inherited)",
					"@executable_path/Frameworks",
				);
				MARKETING_VERSION = 1.0;
				PRODUCT_BUNDLE_IDENTIFIER = test.TraderJo;
				PRODUCT_NAME = "$(TARGET_NAME)";
				SWIFT_EMIT_LOC_STRINGS = YES;
				SWIFT_VERSION = 5.0;
				TARGETED_DEVICE_FAMILY = "1,2";
			};
			name = Debug;
		};
		36B9634E29DB270E0017C669 /* Release */ = {
			isa = XCBuildConfiguration;
			buildSettings = {
				ASSETCATALOG_COMPILER_APPICON_NAME = AppIcon;
				ASSETCATALOG_COMPILER_GLOBAL_ACCENT_COLOR_NAME = AccentColor;
				CODE_SIGN_STYLE = Automatic;
				CURRENT_PROJECT_VERSION = 1;
				DEVELOPMENT_ASSET_PATHS = "\"TraderJo/Preview Content\"";
				ENABLE_PREVIEWS = YES;
				GENERATE_INFOPLIST_FILE = YES;
				INFOPLIST_KEY_UIApplicationSceneManifest_Generation = YES;
				INFOPLIST_KEY_UIApplicationSupportsIndirectInputEvents = YES;
				INFOPLIST_KEY_UILaunchScreen_Generation = YES;
				INFOPLIST_KEY_UISupportedInterfaceOrientations_iPad = "UIInterfaceOrientationPortrait UIInterfaceOrientationPortraitUpsideDown UIInterfaceOrientationLandscapeLeft UIInterfaceOrientationLandscapeRight";
				INFOPLIST_KEY_UISupportedInterfaceOrientations_iPhone = "UIInterfaceOrientationPortrait UIInterfaceOrientationLandscapeLeft UIInterfaceOrientationLandscapeRight";
				LD_RUNPATH_SEARCH_PATHS = (
					"$(inherited)",
					"@executable_path/Frameworks",
				);
				MARKETING_VERSION = 1.0;
				PRODUCT_BUNDLE_IDENTIFIER = test.TraderJo;
				PRODUCT_NAME = "$(TARGET_NAME)";
				SWIFT_EMIT_LOC_STRINGS = YES;
				SWIFT_VERSION = 5.0;
				TARGETED_DEVICE_FAMILY = "1,2";
			};
			name = Release;
		};
/* End XCBuildConfiguration section */

/* Begin XCConfigurationList section */
		36B9633929DB270D0017C669 /* Build configuration list for PBXProject "TraderJo" */ = {
			isa = XCConfigurationList;
			buildConfigurations = (
				36B9634A29DB270E0017C669 /* Debug */,
				36B9634B29DB270E0017C669 /* Release */,
			);
			defaultConfigurationIsVisible = 0;
			defaultConfigurationName = Release;
		};
		36B9634C29DB270E0017C669 /* Build configuration list for PBXNativeTarget "TraderJo" */ = {
			isa = XCConfigurationList;
			buildConfigurations = (
				36B9634D29DB270E0017C669 /* Debug */,
				36B9634E29DB270E0017C669 /* Release */,
			);
			defaultConfigurationIsVisible = 0;
			defaultConfigurationName = Release;
		};
/* End XCConfigurationList section */

/* Begin XCRemoteSwiftPackageReference section */
		36B9634F29DB28E00017C669 /* XCRemoteSwiftPackageReference "Starscream" */ = {
			isa = XCRemoteSwiftPackageReference;
			repositoryURL = "https://github.com/daltoniam/Starscream.git";
			requirement = {
				kind = upToNextMajorVersion;
				minimumVersion = 4.0.0;
			};
		};
/* End XCRemoteSwiftPackageReference section */

/* Begin XCSwiftPackageProductDependency section */
		36B9635029DB28E00017C669 /* Starscream */ = {
			isa = XCSwiftPackageProductDependency;
			package = 36B9634F29DB28E00017C669 /* XCRemoteSwiftPackageReference "Starscream" */;
			productName = Starscream;
		};
/* End XCSwiftPackageProductDependency section */
	};
	rootObject = 36B9633629DB270D0017C669 /* Project object */;
}
